
Microsoft Visual Studio Solution File, Format Version 12.00
# Visual Studio Version 17
VisualStudioVersion = 17.5.33627.172
MinimumVisualStudioVersion = 10.0.40219.1
Project("{FAE04EC0-301F-11D3-BF4B-00C04F79EFBC}") = "SessionState", "SessionState.csproj", "{099399C7-E4C6-47A6-BF0F-7A8936EA3E89}"
EndProject
Global
	GlobalSection(SolutionConfigurationPlatforms) = preSolution
		Debug|Any CPU = Debug|Any CPU
		Release|Any CPU = Release|Any CPU
	EndGlobalSection
	GlobalSection(ProjectConfigurationPlatforms) = postSolution
		{099399C7-E4C6-47A6-BF0F-7A8936EA3E89}.Debug|Any CPU.ActiveCfg = Debug|Any CPU
		{099399C7-E4C6-47A6-BF0F-7A8936EA3E89}.Debug|Any CPU.Build.0 = Debug|Any CPU
		{099399C7-E4C6-47A6-BF0F-7A8936EA3E89}.Release|Any CPU.ActiveCfg = Release|Any CPU
		{099399C7-E4C6-47A6-BF0F-7A8936EA3E89}.Release|Any CPU.Build.0 = Release|Any CPU
	EndGlobalSection
	GlobalSection(SolutionProperties) = preSolution
		HideSolutionNode = FALSE
	EndGlobalSection
	GlobalSection(ExtensibilityGlobals) = postSolution
		SolutionGuid = {DEB7E7A3-D664-4CF2-969D-51D16D8B3AC6}
	EndGlobalSection
EndGlobal
